# This file is automatically @generated by Cargo.
# It is not intended for manual editing.
version = 4

[[package]]
name = "r402"
version = "0.18.0"

[[package]]
name = "r402-algorand"
version = "0.18.0"

[[package]]
name = "r402-aptos"
version = "0.18.0"

[[package]]
name = "r402-casper"
version = "0.18.0"

[[package]]
name = "r402-client"
version = "0.18.0"

[[package]]
name = "r402-contract"
version = "0.18.0"

[[package]]
name = "r402-evm"
version = "0.18.0"

[[package]]
name = "r402-extensions"
version = "0.18.0"

[[package]]
name = "r402-facilitator"
version = "0.18.0"

[[package]]
name = "r402-hedera"
version = "0.18.0"

[[package]]
name = "r402-http"
version = "0.18.0"

[[package]]
name = "r402-keeta"
version = "0.18.0"

[[package]]
name = "r402-mcp"
version = "0.18.0"

[[package]]
name = "r402-near"
version = "0.18.0"

[[package]]
name = "r402-protocol"
version = "0.18.0"

[[package]]
name = "r402-server"
version = "0.18.0"

[[package]]
name = "r402-solana"
version = "0.18.0"

[[package]]
name = "r402-stellar"
version = "0.18.0"

[[package]]
name = "r402-tron"
version = "0.18.0"

[[package]]
name = "r402-tvm"
version = "0.18.0"

[[package]]
name = "r402-xrpl"
version = "0.18.0"
